{
  "name": "network-judge-monorepo",
  "version": "0.0.1",
  "lockfileVersion": 3,
  "requires": true,
  "packages": {
    "": {
      "name": "network-judge-monorepo",
      "version": "0.0.1",
      "license": "MIT",
      "workspaces": [
        "packages/*"
      ]
    },
    "node_modules/network-judge": {
      "resolved": "packages/network-judge",
      "link": true
    },
    "node_modules/object-stats": {
      "resolved": "packages/object-stats",
      "link": true
    },
    "packages/network-judge": {
      "version": "0.0.1",
      "license": "MIT"
    },
    "packages/object-stats": {
      "version": "0.0.1",
      "license": "MIT"
    }
  }
}
